
Microsoft Visual Studio Solution File, Format Version 12.00
# Visual Studio 15
VisualStudioVersion = 15.0.27130.2036
MinimumVisualStudioVersion = 10.0.40219.1
Project("{888888A0-9F3D-457C-B088-3A5042F75D52}") = "ClassificacaoComentariosComNaiveBayes", "ClassificacaoComentariosComNaiveBayes.pyproj", "{F0F55C26-F35D-4097-B81D-5BECE29A5D70}"
EndProject
Global
	GlobalSection(SolutionConfigurationPlatforms) = preSolution
		Debug|Any CPU = Debug|Any CPU
		Release|Any CPU = Release|Any CPU
	EndGlobalSection
	GlobalSection(ProjectConfigurationPlatforms) = postSolution
		{F0F55C26-F35D-4097-B81D-5BECE29A5D70}.Debug|Any CPU.ActiveCfg = Debug|Any CPU
		{F0F55C26-F35D-4097-B81D-5BECE29A5D70}.Release|Any CPU.ActiveCfg = Release|Any CPU
	EndGlobalSection
	GlobalSection(SolutionProperties) = preSolution
		HideSolutionNode = FALSE
	EndGlobalSection
	GlobalSection(ExtensibilityGlobals) = postSolution
		SolutionGuid = {4CBC73E7-DEF3-4649-A1B7-33B9AB261074}
	EndGlobalSection
EndGlobal
