
Microsoft Visual Studio Solution File, Format Version 12.00
# Visual Studio Version 16
VisualStudioVersion = 16.0.28803.352
MinimumVisualStudioVersion = 10.0.40219.1
Project("{888888A0-9F3D-457C-B088-3A5042F75D52}") = "ClassificacaoComentariosComNaiveBayes", "ClassificacaoComentariosComNaiveBayes.pyproj", "{F0F55C26-F35D-4097-B81D-5BECE29A5D70}"
EndProject
Project("{9A19103F-16F7-4668-BE54-9A1E7A4F7556}") = "ClassificacaoComentariosCSharpConsumidor", "..\ClassificacaoComentariosCSharpConsumidor\ClassificacaoComentariosCSharpConsumidor.csproj", "{AB1F57B9-A6BE-4996-AD50-32932DE52B8C}"
EndProject
Project("{6EC3EE1D-3C4E-46DD-8F32-0CC8E7565705}") = "ClassificacaoComentariosMLNet", "..\ClassificacaoComentariosMLNet\ClassificacaoComentariosMLNet.fsproj", "{9F81BA18-C171-4B78-91D6-7113488F493E}"
EndProject
Global
	GlobalSection(SolutionConfigurationPlatforms) = preSolution
		Debug|Any CPU = Debug|Any CPU
		Release|Any CPU = Release|Any CPU
	EndGlobalSection
	GlobalSection(ProjectConfigurationPlatforms) = postSolution
		{F0F55C26-F35D-4097-B81D-5BECE29A5D70}.Debug|Any CPU.ActiveCfg = Debug|Any CPU
		{F0F55C26-F35D-4097-B81D-5BECE29A5D70}.Release|Any CPU.ActiveCfg = Release|Any CPU
		{AB1F57B9-A6BE-4996-AD50-32932DE52B8C}.Debug|Any CPU.ActiveCfg = Debug|Any CPU
		{AB1F57B9-A6BE-4996-AD50-32932DE52B8C}.Debug|Any CPU.Build.0 = Debug|Any CPU
		{AB1F57B9-A6BE-4996-AD50-32932DE52B8C}.Release|Any CPU.ActiveCfg = Release|Any CPU
		{AB1F57B9-A6BE-4996-AD50-32932DE52B8C}.Release|Any CPU.Build.0 = Release|Any CPU
		{9F81BA18-C171-4B78-91D6-7113488F493E}.Debug|Any CPU.ActiveCfg = Debug|Any CPU
		{9F81BA18-C171-4B78-91D6-7113488F493E}.Debug|Any CPU.Build.0 = Debug|Any CPU
		{9F81BA18-C171-4B78-91D6-7113488F493E}.Release|Any CPU.ActiveCfg = Release|Any CPU
		{9F81BA18-C171-4B78-91D6-7113488F493E}.Release|Any CPU.Build.0 = Release|Any CPU
	EndGlobalSection
	GlobalSection(SolutionProperties) = preSolution
		HideSolutionNode = FALSE
	EndGlobalSection
	GlobalSection(ExtensibilityGlobals) = postSolution
		SolutionGuid = {4CBC73E7-DEF3-4649-A1B7-33B9AB261074}
	EndGlobalSection
EndGlobal
